<Solution>
  <Folder Name="/Элементы решения/">
    <File Path="Dockerfile" />
    <File Path="Procfile" />
    <File Path="railway.toml" />
  </Folder>
  <Project Path="Inventra.Application/Inventra.Application.csproj" />
  <Project Path="Inventra.Domain/Inventra.Domain.csproj" />
  <Project Path="Inventra.Infrastructure/Inventra.Infrastructure.csproj" />
  <Project Path="Inventra.Web/Inventra.Web.csproj" />
</Solution>
